{
    "requires": true,
    "lockfileVersion": 1,
    "dependencies": {
        "dotenv": {
            "version": "8.2.0",
            "resolved": "https://registry.npmjs.org/dotenv/-/dotenv-8.2.0.tgz",
            "integrity": "sha512-8sJ78ElpbDJBHNeBzUbUVLsqKdccaa/BXF1uPTw3GrvQTBgrQrtObr2mUrE38vzYd8cEv+m/JBfDLioYcfXoaw=="
        },
        "entry-empty-emitter": {
            "version": "1.0.5",
            "resolved": "https://registry.npmjs.org/entry-empty-emitter/-/entry-empty-emitter-1.0.5.tgz",
            "integrity": "sha1-iEzNi1XZrnSdfCuts6SIRN8xL8w="
        },
        "simple-pubsub": {
            "version": "1.0.4",
            "resolved": "https://registry.npmjs.org/simple-pubsub/-/simple-pubsub-1.0.4.tgz",
            "integrity": "sha1-TNL9soj60db+vL9r5U+H50qlMDg=",
            "requires": {
                "entry-empty-emitter": "^1.0.5"
            }
        }
    }
}
